<?xml version="1.0" encoding="utf-8"?>
<Project ToolsVersion="4.0" xmlns="http://schemas.microsoft.com/developer/msbuild/2003">
  <ItemGroup>
    <Filter Include="Source Files">
      <UniqueIdentifier>{4FC737F1-C7A5-4376-A066-2A32D752A2FF}</UniqueIdentifier>
      <Extensions>cpp;c;cc;cxx;def;odl;idl;hpj;bat;asm;asmx</Extensions>
    </Filter>
    <Filter Include="Header Files">
      <UniqueIdentifier>{93995380-89BD-4b04-88EB-625FBE52EBFB}</UniqueIdentifier>
      <Extensions>h;hh;hpp;hxx;hm;inl;inc;ipp;xsd</Extensions>
    </Filter>
    <Filter Include="Resource Files">
      <UniqueIdentifier>{67DA6AB6-F800-4c08-8B7A-83BB121AAD01}</UniqueIdentifier>
      <Extensions>rc;ico;cur;bmp;dlg;rc2;rct;bin;rgs;gif;jpg;jpeg;jpe;resx;tiff;tif;png;wav;mfcribbon-ms</Extensions>
    </Filter>
    <Filter Include="FrameWork">
      <UniqueIdentifier>{b4f75f49-b331-4bfe-847a-b30109f0f424}</UniqueIdentifier>
    </Filter>
    <Filter Include="FrameWork\GameComponents">
      <UniqueIdentifier>{5cf1cec4-3c23-4feb-a714-5b0ed8150835}</UniqueIdentifier>
    </Filter>
    <Filter Include="FrameWork\GameControllers">
      <UniqueIdentifier>{2cb13cdb-c507-407c-994d-b5c77932e022}</UniqueIdentifier>
    </Filter>
    <Filter Include="FrameWork\GameDefine">
      <UniqueIdentifier>{0ea285b7-a2d4-4e49-81ba-ed2fda013afa}</UniqueIdentifier>
    </Filter>
    <Filter Include="FrameWork\GameObjects">
      <UniqueIdentifier>{0c48a556-34fb-4ca9-936a-e9a0173dfe5c}</UniqueIdentifier>
    </Filter>
    <Filter Include="FrameWork\Scenes">
      <UniqueIdentifier>{39d3b1c1-1a08-478d-97be-8b312321416b}</UniqueIdentifier>
    </Filter>
    <Filter Include="FrameWork\GameObjects\Player">
      <UniqueIdentifier>{fa3867dc-3294-4141-bcb3-28a3d9b7c5d0}</UniqueIdentifier>
    </Filter>
  </ItemGroup>
  <ItemGroup>
    <ClCompile Include="main.cpp">
      <Filter>Source Files</Filter>
    </ClCompile>
    <ClCompile Include="GameComponents\Animation.cpp">
      <Filter>FrameWork\GameComponents</Filter>
    </ClCompile>
    <ClCompile Include="GameComponents\Game.cpp">
      <Filter>FrameWork\GameComponents</Filter>
    </ClCompile>
    <ClCompile Include="GameComponents\GameGlobal.cpp">
      <Filter>FrameWork\GameComponents</Filter>
    </ClCompile>
    <ClCompile Include="GameComponents\GameTime.cpp">
      <Filter>FrameWork\GameComponents</Filter>
    </ClCompile>
    <ClCompile Include="GameComponents\Scene.cpp">
      <Filter>FrameWork\GameComponents</Filter>
    </ClCompile>
    <ClCompile Include="GameComponents\Sprite.cpp">
      <Filter>FrameWork\GameComponents</Filter>
    </ClCompile>
    <ClCompile Include="GameControllers\SceneManager.cpp">
      <Filter>FrameWork\GameControllers</Filter>
    </ClCompile>
    <ClCompile Include="GameObjects\Entity.cpp">
      <Filter>FrameWork\GameObjects</Filter>
    </ClCompile>
    <ClCompile Include="GameObjects\Player\Player.cpp">
      <Filter>FrameWork\GameObjects\Player</Filter>
    </ClCompile>
    <ClCompile Include="GameObjects\Player\PlayerData.cpp">
      <Filter>FrameWork\GameObjects\Player</Filter>
    </ClCompile>
    <ClCompile Include="GameObjects\Player\PlayerFallingState.cpp">
      <Filter>FrameWork\GameObjects\Player</Filter>
    </ClCompile>
    <ClCompile Include="GameObjects\Player\PlayerJumpingState.cpp">
      <Filter>FrameWork\GameObjects\Player</Filter>
    </ClCompile>
    <ClCompile Include="GameObjects\Player\PlayerRunningState.cpp">
      <Filter>FrameWork\GameObjects\Player</Filter>
    </ClCompile>
    <ClCompile Include="GameObjects\Player\PlayerSittingState.cpp">
      <Filter>FrameWork\GameObjects\Player</Filter>
    </ClCompile>
    <ClCompile Include="GameObjects\Player\PlayerStandingBeatState.cpp">
      <Filter>FrameWork\GameObjects\Player</Filter>
    </ClCompile>
    <ClCompile Include="GameObjects\Player\PlayerStandingState.cpp">
      <Filter>FrameWork\GameObjects\Player</Filter>
    </ClCompile>
    <ClCompile Include="GameObjects\Player\PlayerState.cpp">
      <Filter>FrameWork\GameObjects\Player</Filter>
    </ClCompile>
    <ClCompile Include="Scenes\DemoScene.cpp">
      <Filter>FrameWork\Scenes</Filter>
    </ClCompile>
    <ClCompile Include="GameObjects\Player\PlayerSittingBeatState.cpp">
      <Filter>FrameWork\GameObjects\Player</Filter>
    </ClCompile>
  </ItemGroup>
  <ItemGroup>
    <ClInclude Include="GameComponents\Animation.h">
      <Filter>FrameWork\GameComponents</Filter>
    </ClInclude>
    <ClInclude Include="GameComponents\Game.h">
      <Filter>FrameWork\GameComponents</Filter>
    </ClInclude>
    <ClInclude Include="GameComponents\GameGlobal.h">
      <Filter>FrameWork\GameComponents</Filter>
    </ClInclude>
    <ClInclude Include="GameComponents\GameTime.h">
      <Filter>FrameWork\GameComponents</Filter>
    </ClInclude>
    <ClInclude Include="GameComponents\Scene.h">
      <Filter>FrameWork\GameComponents</Filter>
    </ClInclude>
    <ClInclude Include="GameComponents\Sprite.h">
      <Filter>FrameWork\GameComponents</Filter>
    </ClInclude>
    <ClInclude Include="GameControllers\SceneManager.h">
      <Filter>FrameWork\GameControllers</Filter>
    </ClInclude>
    <ClInclude Include="GameDefine\GameDefine.h">
      <Filter>FrameWork\GameDefine</Filter>
    </ClInclude>
    <ClInclude Include="GameObjects\Entity.h">
      <Filter>FrameWork\GameObjects</Filter>
    </ClInclude>
    <ClInclude Include="GameObjects\Player\Player.h">
      <Filter>FrameWork\GameObjects\Player</Filter>
    </ClInclude>
    <ClInclude Include="GameObjects\Player\PlayerData.h">
      <Filter>FrameWork\GameObjects\Player</Filter>
    </ClInclude>
    <ClInclude Include="GameObjects\Player\PlayerFallingState.h">
      <Filter>FrameWork\GameObjects\Player</Filter>
    </ClInclude>
    <ClInclude Include="GameObjects\Player\PlayerJumpingState.h">
      <Filter>FrameWork\GameObjects\Player</Filter>
    </ClInclude>
    <ClInclude Include="GameObjects\Player\PlayerRunningState.h">
      <Filter>FrameWork\GameObjects\Player</Filter>
    </ClInclude>
    <ClInclude Include="GameObjects\Player\PlayerSittingState.h">
      <Filter>FrameWork\GameObjects\Player</Filter>
    </ClInclude>
    <ClInclude Include="GameObjects\Player\PlayerStandingBeatState.h">
      <Filter>FrameWork\GameObjects\Player</Filter>
    </ClInclude>
    <ClInclude Include="GameObjects\Player\PlayerStandingState.h">
      <Filter>FrameWork\GameObjects\Player</Filter>
    </ClInclude>
    <ClInclude Include="GameObjects\Player\PlayerState.h">
      <Filter>FrameWork\GameObjects\Player</Filter>
    </ClInclude>
    <ClInclude Include="Scenes\DemoScene.h">
      <Filter>FrameWork\Scenes</Filter>
    </ClInclude>
    <ClInclude Include="GameObjects\Player\PlayerSittingBeatState.h">
      <Filter>FrameWork\GameObjects\Player</Filter>
    </ClInclude>
  </ItemGroup>
</Project>